// !$*UTF8*$!
{
	archiveVersion = 1;
	classes = {
	};
	objectVersion = 46;
	objects = {

/* Begin PBXBuildFile section */
		914350111BBC752000B6B5E7 /* Stories.xcdatamodeld in Sources */ = {isa = PBXBuildFile; fileRef = 9143500F1BBC752000B6B5E7 /* Stories.xcdatamodeld */; settings = {ASSET_TAGS = (); }; };
		91E4CBF81BB943600059C79B /* main.m in Sources */ = {isa = PBXBuildFile; fileRef = 91E4CBF71BB943600059C79B /* main.m */; };
		91E4CBFB1BB943600059C79B /* AppDelegate.m in Sources */ = {isa = PBXBuildFile; fileRef = 91E4CBFA1BB943600059C79B /* AppDelegate.m */; };
		91E4CBFE1BB943600059C79B /* ArticleViewController.m in Sources */ = {isa = PBXBuildFile; fileRef = 91E4CBFD1BB943600059C79B /* ArticleViewController.m */; };
		91E4CC011BB943600059C79B /* Main.storyboard in Resources */ = {isa = PBXBuildFile; fileRef = 91E4CBFF1BB943600059C79B /* Main.storyboard */; };
		91E4CC061BB943600059C79B /* Assets.xcassets in Resources */ = {isa = PBXBuildFile; fileRef = 91E4CC051BB943600059C79B /* Assets.xcassets */; };
		91E4CC141BB943600059C79B /* StoriesTests.m in Sources */ = {isa = PBXBuildFile; fileRef = 91E4CC131BB943600059C79B /* StoriesTests.m */; };
		91E4CC1F1BB943600059C79B /* StoriesUITests.m in Sources */ = {isa = PBXBuildFile; fileRef = 91E4CC1E1BB943600059C79B /* StoriesUITests.m */; };
		91E4CC2D1BB949E20059C79B /* PMN_Caecilia_45_Light.ttf in Resources */ = {isa = PBXBuildFile; fileRef = 91E4CC2C1BB949E20059C79B /* PMN_Caecilia_45_Light.ttf */; settings = {ASSET_TAGS = (); }; };
		91E4CC321BB94DD40059C79B /* SF-UI-Display-Bold.otf in Resources */ = {isa = PBXBuildFile; fileRef = 91E4CC2F1BB94DD40059C79B /* SF-UI-Display-Bold.otf */; settings = {ASSET_TAGS = (); }; };
		91E4CC331BB94DD40059C79B /* SF-UI-Display-Heavy.otf in Resources */ = {isa = PBXBuildFile; fileRef = 91E4CC301BB94DD40059C79B /* SF-UI-Display-Heavy.otf */; settings = {ASSET_TAGS = (); }; };
		91E4CC341BB94DD40059C79B /* SF-UI-Display-Semibold.otf in Resources */ = {isa = PBXBuildFile; fileRef = 91E4CC311BB94DD40059C79B /* SF-UI-Display-Semibold.otf */; settings = {ASSET_TAGS = (); }; };
		91E4CC3A1BB95C6E0059C79B /* ChoseBlogViewController.m in Sources */ = {isa = PBXBuildFile; fileRef = 91E4CC391BB95C6E0059C79B /* ChoseBlogViewController.m */; settings = {ASSET_TAGS = (); }; };
		91E4CC3F1BB962030059C79B /* ARSafariActivity.bundle in Resources */ = {isa = PBXBuildFile; fileRef = 91E4CC3C1BB962030059C79B /* ARSafariActivity.bundle */; settings = {ASSET_TAGS = (); }; };
		91E4CC401BB962030059C79B /* ARSafariActivity.m in Sources */ = {isa = PBXBuildFile; fileRef = 91E4CC3E1BB962030059C79B /* ARSafariActivity.m */; settings = {ASSET_TAGS = (); }; };
		91E4CC491BB975F50059C79B /* HeadlineViewController.m in Sources */ = {isa = PBXBuildFile; fileRef = 91E4CC471BB975F50059C79B /* HeadlineViewController.m */; settings = {ASSET_TAGS = (); }; };
		91E4CC4A1BB975F50059C79B /* HeadlineViewController.xib in Resources */ = {isa = PBXBuildFile; fileRef = 91E4CC481BB975F50059C79B /* HeadlineViewController.xib */; settings = {ASSET_TAGS = (); }; };
		91EA536B1BC2801F001607BA /* CoreData.framework in Frameworks */ = {isa = PBXBuildFile; fileRef = 91EA536A1BC2801F001607BA /* CoreData.framework */; };
		91EA536D1BC28027001607BA /* SystemConfiguration.framework in Frameworks */ = {isa = PBXBuildFile; fileRef = 91EA536C1BC28027001607BA /* SystemConfiguration.framework */; };
		91EA537A1BC28209001607BA /* libGoogleAnalyticsServices.a in Frameworks */ = {isa = PBXBuildFile; fileRef = 91EA53791BC28209001607BA /* libGoogleAnalyticsServices.a */; settings = {ASSET_TAGS = (); }; };
		91EA53801BC282FD001607BA /* libz.tbd in Frameworks */ = {isa = PBXBuildFile; fileRef = 91EA537F1BC282FD001607BA /* libz.tbd */; };
		91EA53821BC28304001607BA /* libsqlite3.tbd in Frameworks */ = {isa = PBXBuildFile; fileRef = 91EA53811BC28304001607BA /* libsqlite3.tbd */; };
		91EA538A1BC3B2CD001607BA /* MainViewController.m in Sources */ = {isa = PBXBuildFile; fileRef = 91EA53891BC3B2CD001607BA /* MainViewController.m */; settings = {ASSET_TAGS = (); }; };
		91EA53931BC3B432001607BA /* TopPostsForBlogViewController.m in Sources */ = {isa = PBXBuildFile; fileRef = 91EA53911BC3B432001607BA /* TopPostsForBlogViewController.m */; settings = {ASSET_TAGS = (); }; };
		91EA53941BC3B432001607BA /* TopPostsForBlogViewController.xib in Resources */ = {isa = PBXBuildFile; fileRef = 91EA53921BC3B432001607BA /* TopPostsForBlogViewController.xib */; settings = {ASSET_TAGS = (); }; };
		91EA53981BC3B441001607BA /* BlogFamilyViewController.m in Sources */ = {isa = PBXBuildFile; fileRef = 91EA53961BC3B441001607BA /* BlogFamilyViewController.m */; settings = {ASSET_TAGS = (); }; };
		91EA53991BC3B441001607BA /* BlogFamilyViewController.xib in Resources */ = {isa = PBXBuildFile; fileRef = 91EA53971BC3B441001607BA /* BlogFamilyViewController.xib */; settings = {ASSET_TAGS = (); }; };
		91EA539C1BC3B95A001607BA /* APIClient.m in Sources */ = {isa = PBXBuildFile; fileRef = 91EA539B1BC3B95A001607BA /* APIClient.m */; settings = {ASSET_TAGS = (); }; };
		91EA539E1BC3D50D001607BA /* ArticleViewController.xib in Resources */ = {isa = PBXBuildFile; fileRef = 91EA539D1BC3D50D001607BA /* ArticleViewController.xib */; settings = {ASSET_TAGS = (); }; };
		91EA53A11BC44AA9001607BA /* NSDate+Utilities.m in Sources */ = {isa = PBXBuildFile; fileRef = 91EA53A01BC44AA9001607BA /* NSDate+Utilities.m */; settings = {ASSET_TAGS = (); }; };
		91EA53A51BC52010001607BA /* Reachability.m in Sources */ = {isa = PBXBuildFile; fileRef = 91EA53A41BC52010001607BA /* Reachability.m */; settings = {ASSET_TAGS = (); }; };
		91EA53AA1BC52C5B001607BA /* DetailPost+CoreDataProperties.m in Sources */ = {isa = PBXBuildFile; fileRef = 91EA53A71BC52C5B001607BA /* DetailPost+CoreDataProperties.m */; settings = {ASSET_TAGS = (); }; };
		91EA53AB1BC52C5B001607BA /* DetailPost.m in Sources */ = {isa = PBXBuildFile; fileRef = 91EA53A91BC52C5B001607BA /* DetailPost.m */; settings = {ASSET_TAGS = (); }; };
		91ECA2251BB97ED40033E44D /* UIViewController+Utilities.m in Sources */ = {isa = PBXBuildFile; fileRef = 91ECA2241BB97ED40033E44D /* UIViewController+Utilities.m */; settings = {ASSET_TAGS = (); }; };
		91ECA2321BB9C6B80033E44D /* Image+CoreDataProperties.m in Sources */ = {isa = PBXBuildFile; fileRef = 91ECA2271BB9C6B80033E44D /* Image+CoreDataProperties.m */; settings = {ASSET_TAGS = (); }; };
		91ECA2331BB9C6B80033E44D /* Image.m in Sources */ = {isa = PBXBuildFile; fileRef = 91ECA2291BB9C6B80033E44D /* Image.m */; settings = {ASSET_TAGS = (); }; };
		91ECA2341BB9C6B80033E44D /* Post+CoreDataProperties.m in Sources */ = {isa = PBXBuildFile; fileRef = 91ECA22B1BB9C6B80033E44D /* Post+CoreDataProperties.m */; settings = {ASSET_TAGS = (); }; };
		91ECA2351BB9C6B80033E44D /* Post.m in Sources */ = {isa = PBXBuildFile; fileRef = 91ECA22D1BB9C6B80033E44D /* Post.m */; settings = {ASSET_TAGS = (); }; };
		91ECA2361BB9C6B80033E44D /* Blog+CoreDataProperties.m in Sources */ = {isa = PBXBuildFile; fileRef = 91ECA22F1BB9C6B80033E44D /* Blog+CoreDataProperties.m */; settings = {ASSET_TAGS = (); }; };
		91ECA2371BB9C6B80033E44D /* Blog.m in Sources */ = {isa = PBXBuildFile; fileRef = 91ECA2311BB9C6B80033E44D /* Blog.m */; settings = {ASSET_TAGS = (); }; };
		91ECA23B1BBA595E0033E44D /* DataManager.m in Sources */ = {isa = PBXBuildFile; fileRef = 91ECA23A1BBA595E0033E44D /* DataManager.m */; settings = {ASSET_TAGS = (); }; };
		91F68BC01BBABA6F00C2669B /* NSString+Utilities.m in Sources */ = {isa = PBXBuildFile; fileRef = 91F68BBF1BBABA6F00C2669B /* NSString+Utilities.m */; settings = {ASSET_TAGS = (); }; };
		91F68BC31BBABC6A00C2669B /* NSDictionary+Utilities.m in Sources */ = {isa = PBXBuildFile; fileRef = 91F68BC21BBABC6A00C2669B /* NSDictionary+Utilities.m */; settings = {ASSET_TAGS = (); }; };
		91F68BC71BBAE04B00C2669B /* Fabric.framework in Frameworks */ = {isa = PBXBuildFile; fileRef = 91F68BC51BBAE04B00C2669B /* Fabric.framework */; settings = {ASSET_TAGS = (); }; };
		91F68BC81BBAE04B00C2669B /* Crashlytics.framework in Frameworks */ = {isa = PBXBuildFile; fileRef = 91F68BC61BBAE04B00C2669B /* Crashlytics.framework */; settings = {ASSET_TAGS = (); }; };
/* End PBXBuildFile section */

/* Begin PBXContainerItemProxy section */
		91E4CC101BB943600059C79B /* PBXContainerItemProxy */ = {
			isa = PBXContainerItemProxy;
			containerPortal = 91E4CBEB1BB943600059C79B /* Project object */;
			proxyType = 1;
			remoteGlobalIDString = 91E4CBF21BB943600059C79B;
			remoteInfo = Stories;
		};
		91E4CC1B1BB943600059C79B /* PBXContainerItemProxy */ = {
			isa = PBXContainerItemProxy;
			containerPortal = 91E4CBEB1BB943600059C79B /* Project object */;
			proxyType = 1;
			remoteGlobalIDString = 91E4CBF21BB943600059C79B;
			remoteInfo = Stories;
		};
/* End PBXContainerItemProxy section */

/* Begin PBXFileReference section */
		914350101BBC752000B6B5E7 /* Kinja_Top_Posts.xcdatamodel */ = {isa = PBXFileReference; lastKnownFileType = wrapper.xcdatamodel; path = Kinja_Top_Posts.xcdatamodel; sourceTree = "<group>"; };
		91E4CBF31BB943600059C79B /* Stories.app */ = {isa = PBXFileReference; explicitFileType = wrapper.application; includeInIndex = 0; path = Stories.app; sourceTree = BUILT_PRODUCTS_DIR; };
		91E4CBF71BB943600059C79B /* main.m */ = {isa = PBXFileReference; lastKnownFileType = sourcecode.c.objc; path = main.m; sourceTree = "<group>"; };
		91E4CBF91BB943600059C79B /* AppDelegate.h */ = {isa = PBXFileReference; lastKnownFileType = sourcecode.c.h; path = AppDelegate.h; sourceTree = "<group>"; };
		91E4CBFA1BB943600059C79B /* AppDelegate.m */ = {isa = PBXFileReference; lastKnownFileType = sourcecode.c.objc; path = AppDelegate.m; sourceTree = "<group>"; };
		91E4CBFC1BB943600059C79B /* ArticleViewController.h */ = {isa = PBXFileReference; lastKnownFileType = sourcecode.c.h; path = ArticleViewController.h; sourceTree = "<group>"; };
		91E4CBFD1BB943600059C79B /* ArticleViewController.m */ = {isa = PBXFileReference; lastKnownFileType = sourcecode.c.objc; path = ArticleViewController.m; sourceTree = "<group>"; };
		91E4CC001BB943600059C79B /* Base */ = {isa = PBXFileReference; lastKnownFileType = file.storyboard; name = Base; path = Base.lproj/Main.storyboard; sourceTree = "<group>"; };
		91E4CC051BB943600059C79B /* Assets.xcassets */ = {isa = PBXFileReference; lastKnownFileType = folder.assetcatalog; path = Assets.xcassets; sourceTree = "<group>"; };
		91E4CC0A1BB943600059C79B /* Info.plist */ = {isa = PBXFileReference; lastKnownFileType = text.plist.xml; path = Info.plist; sourceTree = "<group>"; };
		91E4CC0F1BB943600059C79B /* Stories.xctest */ = {isa = PBXFileReference; explicitFileType = wrapper.cfbundle; includeInIndex = 0; path = Stories.xctest; sourceTree = BUILT_PRODUCTS_DIR; };
		91E4CC131BB943600059C79B /* StoriesTests.m */ = {isa = PBXFileReference; lastKnownFileType = sourcecode.c.objc; path = StoriesTests.m; sourceTree = "<group>"; };
		91E4CC151BB943600059C79B /* Info.plist */ = {isa = PBXFileReference; lastKnownFileType = text.plist.xml; path = Info.plist; sourceTree = "<group>"; };
		91E4CC1A1BB943600059C79B /* Stories.xctest */ = {isa = PBXFileReference; explicitFileType = wrapper.cfbundle; includeInIndex = 0; path = Stories.xctest; sourceTree = BUILT_PRODUCTS_DIR; };
		91E4CC1E1BB943600059C79B /* StoriesUITests.m */ = {isa = PBXFileReference; lastKnownFileType = sourcecode.c.objc; path = StoriesUITests.m; sourceTree = "<group>"; };
		91E4CC201BB943600059C79B /* Info.plist */ = {isa = PBXFileReference; lastKnownFileType = text.plist.xml; path = Info.plist; sourceTree = "<group>"; };
		91E4CC2C1BB949E20059C79B /* PMN_Caecilia_45_Light.ttf */ = {isa = PBXFileReference; lastKnownFileType = file; path = PMN_Caecilia_45_Light.ttf; sourceTree = "<group>"; };
		91E4CC2F1BB94DD40059C79B /* SF-UI-Display-Bold.otf */ = {isa = PBXFileReference; lastKnownFileType = file; path = "SF-UI-Display-Bold.otf"; sourceTree = "<group>"; };
		91E4CC301BB94DD40059C79B /* SF-UI-Display-Heavy.otf */ = {isa = PBXFileReference; lastKnownFileType = file; path = "SF-UI-Display-Heavy.otf"; sourceTree = "<group>"; };
		91E4CC311BB94DD40059C79B /* SF-UI-Display-Semibold.otf */ = {isa = PBXFileReference; lastKnownFileType = file; path = "SF-UI-Display-Semibold.otf"; sourceTree = "<group>"; };
		91E4CC381BB95C6E0059C79B /* ChoseBlogViewController.h */ = {isa = PBXFileReference; fileEncoding = 4; lastKnownFileType = sourcecode.c.h; path = ChoseBlogViewController.h; sourceTree = "<group>"; };
		91E4CC391BB95C6E0059C79B /* ChoseBlogViewController.m */ = {isa = PBXFileReference; fileEncoding = 4; lastKnownFileType = sourcecode.c.objc; path = ChoseBlogViewController.m; sourceTree = "<group>"; };
		91E4CC3C1BB962030059C79B /* ARSafariActivity.bundle */ = {isa = PBXFileReference; lastKnownFileType = "wrapper.plug-in"; path = ARSafariActivity.bundle; sourceTree = "<group>"; };
		91E4CC3D1BB962030059C79B /* ARSafariActivity.h */ = {isa = PBXFileReference; fileEncoding = 4; lastKnownFileType = sourcecode.c.h; path = ARSafariActivity.h; sourceTree = "<group>"; };
		91E4CC3E1BB962030059C79B /* ARSafariActivity.m */ = {isa = PBXFileReference; fileEncoding = 4; lastKnownFileType = sourcecode.c.objc; path = ARSafariActivity.m; sourceTree = "<group>"; };
		91E4CC461BB975F50059C79B /* HeadlineViewController.h */ = {isa = PBXFileReference; fileEncoding = 4; lastKnownFileType = sourcecode.c.h; path = HeadlineViewController.h; sourceTree = "<group>"; };
		91E4CC471BB975F50059C79B /* HeadlineViewController.m */ = {isa = PBXFileReference; fileEncoding = 4; lastKnownFileType = sourcecode.c.objc; path = HeadlineViewController.m; sourceTree = "<group>"; };
		91E4CC481BB975F50059C79B /* HeadlineViewController.xib */ = {isa = PBXFileReference; fileEncoding = 4; lastKnownFileType = file.xib; path = HeadlineViewController.xib; sourceTree = "<group>"; };
		91EA536A1BC2801F001607BA /* CoreData.framework */ = {isa = PBXFileReference; lastKnownFileType = wrapper.framework; name = CoreData.framework; path = System/Library/Frameworks/CoreData.framework; sourceTree = SDKROOT; };
		91EA536C1BC28027001607BA /* SystemConfiguration.framework */ = {isa = PBXFileReference; lastKnownFileType = wrapper.framework; name = SystemConfiguration.framework; path = System/Library/Frameworks/SystemConfiguration.framework; sourceTree = SDKROOT; };
		91EA536F1BC281F6001607BA /* GAI.h */ = {isa = PBXFileReference; lastKnownFileType = sourcecode.c.h; path = GAI.h; sourceTree = "<group>"; };
		91EA53701BC281F6001607BA /* GAIDictionaryBuilder.h */ = {isa = PBXFileReference; lastKnownFileType = sourcecode.c.h; path = GAIDictionaryBuilder.h; sourceTree = "<group>"; };
		91EA53711BC281F6001607BA /* GAIEcommerceFields.h */ = {isa = PBXFileReference; lastKnownFileType = sourcecode.c.h; path = GAIEcommerceFields.h; sourceTree = "<group>"; };
		91EA53721BC281F6001607BA /* GAIEcommerceProduct.h */ = {isa = PBXFileReference; lastKnownFileType = sourcecode.c.h; path = GAIEcommerceProduct.h; sourceTree = "<group>"; };
		91EA53731BC281F6001607BA /* GAIEcommerceProductAction.h */ = {isa = PBXFileReference; lastKnownFileType = sourcecode.c.h; path = GAIEcommerceProductAction.h; sourceTree = "<group>"; };
		91EA53741BC281F6001607BA /* GAIEcommercePromotion.h */ = {isa = PBXFileReference; lastKnownFileType = sourcecode.c.h; path = GAIEcommercePromotion.h; sourceTree = "<group>"; };
		91EA53751BC281F6001607BA /* GAIFields.h */ = {isa = PBXFileReference; lastKnownFileType = sourcecode.c.h; path = GAIFields.h; sourceTree = "<group>"; };
		91EA53761BC281F6001607BA /* GAILogger.h */ = {isa = PBXFileReference; lastKnownFileType = sourcecode.c.h; path = GAILogger.h; sourceTree = "<group>"; };
		91EA53771BC281F6001607BA /* GAITrackedViewController.h */ = {isa = PBXFileReference; lastKnownFileType = sourcecode.c.h; path = GAITrackedViewController.h; sourceTree = "<group>"; };
		91EA53781BC281F6001607BA /* GAITracker.h */ = {isa = PBXFileReference; lastKnownFileType = sourcecode.c.h; path = GAITracker.h; sourceTree = "<group>"; };
		91EA53791BC28209001607BA /* libGoogleAnalyticsServices.a */ = {isa = PBXFileReference; lastKnownFileType = archive.ar; path = libGoogleAnalyticsServices.a; sourceTree = "<group>"; };
		91EA537F1BC282FD001607BA /* libz.tbd */ = {isa = PBXFileReference; lastKnownFileType = "sourcecode.text-based-dylib-definition"; name = libz.tbd; path = usr/lib/libz.tbd; sourceTree = SDKROOT; };
		91EA53811BC28304001607BA /* libsqlite3.tbd */ = {isa = PBXFileReference; lastKnownFileType = "sourcecode.text-based-dylib-definition"; name = libsqlite3.tbd; path = usr/lib/libsqlite3.tbd; sourceTree = SDKROOT; };
		91EA53881BC3B2CD001607BA /* MainViewController.h */ = {isa = PBXFileReference; fileEncoding = 4; lastKnownFileType = sourcecode.c.h; path = MainViewController.h; sourceTree = "<group>"; };
		91EA53891BC3B2CD001607BA /* MainViewController.m */ = {isa = PBXFileReference; fileEncoding = 4; lastKnownFileType = sourcecode.c.objc; path = MainViewController.m; sourceTree = "<group>"; };
		91EA53901BC3B432001607BA /* TopPostsForBlogViewController.h */ = {isa = PBXFileReference; fileEncoding = 4; lastKnownFileType = sourcecode.c.h; path = TopPostsForBlogViewController.h; sourceTree = "<group>"; };
		91EA53911BC3B432001607BA /* TopPostsForBlogViewController.m */ = {isa = PBXFileReference; fileEncoding = 4; lastKnownFileType = sourcecode.c.objc; path = TopPostsForBlogViewController.m; sourceTree = "<group>"; };
		91EA53921BC3B432001607BA /* TopPostsForBlogViewController.xib */ = {isa = PBXFileReference; fileEncoding = 4; lastKnownFileType = file.xib; path = TopPostsForBlogViewController.xib; sourceTree = "<group>"; };
		91EA53951BC3B441001607BA /* BlogFamilyViewController.h */ = {isa = PBXFileReference; fileEncoding = 4; lastKnownFileType = sourcecode.c.h; path = BlogFamilyViewController.h; sourceTree = "<group>"; };
		91EA53961BC3B441001607BA /* BlogFamilyViewController.m */ = {isa = PBXFileReference; fileEncoding = 4; lastKnownFileType = sourcecode.c.objc; path = BlogFamilyViewController.m; sourceTree = "<group>"; };
		91EA53971BC3B441001607BA /* BlogFamilyViewController.xib */ = {isa = PBXFileReference; fileEncoding = 4; lastKnownFileType = file.xib; path = BlogFamilyViewController.xib; sourceTree = "<group>"; };
		91EA539A1BC3B95A001607BA /* APIClient.h */ = {isa = PBXFileReference; fileEncoding = 4; lastKnownFileType = sourcecode.c.h; path = APIClient.h; sourceTree = "<group>"; };
		91EA539B1BC3B95A001607BA /* APIClient.m */ = {isa = PBXFileReference; fileEncoding = 4; lastKnownFileType = sourcecode.c.objc; path = APIClient.m; sourceTree = "<group>"; };
		91EA539D1BC3D50D001607BA /* ArticleViewController.xib */ = {isa = PBXFileReference; fileEncoding = 4; lastKnownFileType = file.xib; path = ArticleViewController.xib; sourceTree = "<group>"; };
		91EA539F1BC44AA9001607BA /* NSDate+Utilities.h */ = {isa = PBXFileReference; fileEncoding = 4; lastKnownFileType = sourcecode.c.h; path = "NSDate+Utilities.h"; sourceTree = "<group>"; };
		91EA53A01BC44AA9001607BA /* NSDate+Utilities.m */ = {isa = PBXFileReference; fileEncoding = 4; lastKnownFileType = sourcecode.c.objc; path = "NSDate+Utilities.m"; sourceTree = "<group>"; };
		91EA53A31BC52010001607BA /* Reachability.h */ = {isa = PBXFileReference; fileEncoding = 4; lastKnownFileType = sourcecode.c.h; path = Reachability.h; sourceTree = "<group>"; };
		91EA53A41BC52010001607BA /* Reachability.m */ = {isa = PBXFileReference; fileEncoding = 4; lastKnownFileType = sourcecode.c.objc; path = Reachability.m; sourceTree = "<group>"; };
		91EA53A61BC52C5B001607BA /* DetailPost+CoreDataProperties.h */ = {isa = PBXFileReference; fileEncoding = 4; lastKnownFileType = sourcecode.c.h; path = "DetailPost+CoreDataProperties.h"; sourceTree = "<group>"; };
		91EA53A71BC52C5B001607BA /* DetailPost+CoreDataProperties.m */ = {isa = PBXFileReference; fileEncoding = 4; lastKnownFileType = sourcecode.c.objc; path = "DetailPost+CoreDataProperties.m"; sourceTree = "<group>"; };
		91EA53A81BC52C5B001607BA /* DetailPost.h */ = {isa = PBXFileReference; fileEncoding = 4; lastKnownFileType = sourcecode.c.h; path = DetailPost.h; sourceTree = "<group>"; };
		91EA53A91BC52C5B001607BA /* DetailPost.m */ = {isa = PBXFileReference; fileEncoding = 4; lastKnownFileType = sourcecode.c.objc; path = DetailPost.m; sourceTree = "<group>"; };
		91ECA2231BB97ED40033E44D /* UIViewController+Utilities.h */ = {isa = PBXFileReference; fileEncoding = 4; lastKnownFileType = sourcecode.c.h; path = "UIViewController+Utilities.h"; sourceTree = "<group>"; };
		91ECA2241BB97ED40033E44D /* UIViewController+Utilities.m */ = {isa = PBXFileReference; fileEncoding = 4; lastKnownFileType = sourcecode.c.objc; path = "UIViewController+Utilities.m"; sourceTree = "<group>"; };
		91ECA2261BB9C6B80033E44D /* Image+CoreDataProperties.h */ = {isa = PBXFileReference; fileEncoding = 4; lastKnownFileType = sourcecode.c.h; path = "Image+CoreDataProperties.h"; sourceTree = "<group>"; };
		91ECA2271BB9C6B80033E44D /* Image+CoreDataProperties.m */ = {isa = PBXFileReference; fileEncoding = 4; lastKnownFileType = sourcecode.c.objc; path = "Image+CoreDataProperties.m"; sourceTree = "<group>"; };
		91ECA2281BB9C6B80033E44D /* Image.h */ = {isa = PBXFileReference; fileEncoding = 4; lastKnownFileType = sourcecode.c.h; path = Image.h; sourceTree = "<group>"; };
		91ECA2291BB9C6B80033E44D /* Image.m */ = {isa = PBXFileReference; fileEncoding = 4; lastKnownFileType = sourcecode.c.objc; path = Image.m; sourceTree = "<group>"; };
		91ECA22A1BB9C6B80033E44D /* Post+CoreDataProperties.h */ = {isa = PBXFileReference; fileEncoding = 4; lastKnownFileType = sourcecode.c.h; path = "Post+CoreDataProperties.h"; sourceTree = "<group>"; };
		91ECA22B1BB9C6B80033E44D /* Post+CoreDataProperties.m */ = {isa = PBXFileReference; fileEncoding = 4; lastKnownFileType = sourcecode.c.objc; path = "Post+CoreDataProperties.m"; sourceTree = "<group>"; };
		91ECA22C1BB9C6B80033E44D /* Post.h */ = {isa = PBXFileReference; fileEncoding = 4; lastKnownFileType = sourcecode.c.h; path = Post.h; sourceTree = "<group>"; };
		91ECA22D1BB9C6B80033E44D /* Post.m */ = {isa = PBXFileReference; fileEncoding = 4; lastKnownFileType = sourcecode.c.objc; path = Post.m; sourceTree = "<group>"; };
		91ECA22E1BB9C6B80033E44D /* Blog+CoreDataProperties.h */ = {isa = PBXFileReference; fileEncoding = 4; lastKnownFileType = sourcecode.c.h; path = "Blog+CoreDataProperties.h"; sourceTree = "<group>"; };
		91ECA22F1BB9C6B80033E44D /* Blog+CoreDataProperties.m */ = {isa = PBXFileReference; fileEncoding = 4; lastKnownFileType = sourcecode.c.objc; path = "Blog+CoreDataProperties.m"; sourceTree = "<group>"; };
		91ECA2301BB9C6B80033E44D /* Blog.h */ = {isa = PBXFileReference; fileEncoding = 4; lastKnownFileType = sourcecode.c.h; path = Blog.h; sourceTree = "<group>"; };
		91ECA2311BB9C6B80033E44D /* Blog.m */ = {isa = PBXFileReference; fileEncoding = 4; lastKnownFileType = sourcecode.c.objc; path = Blog.m; sourceTree = "<group>"; };
		91ECA2391BBA595E0033E44D /* DataManager.h */ = {isa = PBXFileReference; fileEncoding = 4; lastKnownFileType = sourcecode.c.h; path = DataManager.h; sourceTree = "<group>"; };
		91ECA23A1BBA595E0033E44D /* DataManager.m */ = {isa = PBXFileReference; fileEncoding = 4; lastKnownFileType = sourcecode.c.objc; path = DataManager.m; sourceTree = "<group>"; };
		91F68BBE1BBABA6F00C2669B /* NSString+Utilities.h */ = {isa = PBXFileReference; fileEncoding = 4; lastKnownFileType = sourcecode.c.h; path = "NSString+Utilities.h"; sourceTree = "<group>"; };
		91F68BBF1BBABA6F00C2669B /* NSString+Utilities.m */ = {isa = PBXFileReference; fileEncoding = 4; lastKnownFileType = sourcecode.c.objc; path = "NSString+Utilities.m"; sourceTree = "<group>"; };
		91F68BC11BBABC6A00C2669B /* NSDictionary+Utilities.h */ = {isa = PBXFileReference; fileEncoding = 4; lastKnownFileType = sourcecode.c.h; path = "NSDictionary+Utilities.h"; sourceTree = "<group>"; };
		91F68BC21BBABC6A00C2669B /* NSDictionary+Utilities.m */ = {isa = PBXFileReference; fileEncoding = 4; lastKnownFileType = sourcecode.c.objc; path = "NSDictionary+Utilities.m"; sourceTree = "<group>"; };
		91F68BC51BBAE04B00C2669B /* Fabric.framework */ = {isa = PBXFileReference; lastKnownFileType = wrapper.framework; path = Fabric.framework; sourceTree = "<group>"; };
		91F68BC61BBAE04B00C2669B /* Crashlytics.framework */ = {isa = PBXFileReference; lastKnownFileType = wrapper.framework; path = Crashlytics.framework; sourceTree = "<group>"; };
/* End PBXFileReference section */

/* Begin PBXFrameworksBuildPhase section */
		91E4CBF01BB943600059C79B /* Frameworks */ = {
			isa = PBXFrameworksBuildPhase;
			buildActionMask = 2147483647;
			files = (
				91EA53821BC28304001607BA /* libsqlite3.tbd in Frameworks */,
				91EA53801BC282FD001607BA /* libz.tbd in Frameworks */,
				91EA536D1BC28027001607BA /* SystemConfiguration.framework in Frameworks */,
				91EA536B1BC2801F001607BA /* CoreData.framework in Frameworks */,
				91F68BC81BBAE04B00C2669B /* Crashlytics.framework in Frameworks */,
				91EA537A1BC28209001607BA /* libGoogleAnalyticsServices.a in Frameworks */,
				91F68BC71BBAE04B00C2669B /* Fabric.framework in Frameworks */,
			);
			runOnlyForDeploymentPostprocessing = 0;
		};
		91E4CC0C1BB943600059C79B /* Frameworks */ = {
			isa = PBXFrameworksBuildPhase;
			buildActionMask = 2147483647;
			files = (
			);
			runOnlyForDeploymentPostprocessing = 0;
		};
		91E4CC171BB943600059C79B /* Frameworks */ = {
			isa = PBXFrameworksBuildPhase;
			buildActionMask = 2147483647;
			files = (
			);
			runOnlyForDeploymentPostprocessing = 0;
		};
/* End PBXFrameworksBuildPhase section */

/* Begin PBXGroup section */
		91E4CBEA1BB943600059C79B = {
			isa = PBXGroup;
			children = (
				91E4CBF51BB943600059C79B /* Stories */,
				91E4CC121BB943600059C79B /* StoriesTests */,
				91E4CC1D1BB943600059C79B /* StoriesUITests */,
				91E4CBF41BB943600059C79B /* Products */,
			);
			sourceTree = "<group>";
		};
		91E4CBF41BB943600059C79B /* Products */ = {
			isa = PBXGroup;
			children = (
				91E4CBF31BB943600059C79B /* Stories.app */,
				91E4CC0F1BB943600059C79B /* Stories.xctest */,
				91E4CC1A1BB943600059C79B /* Stories.xctest */,
			);
			name = Products;
			sourceTree = "<group>";
		};
		91E4CBF51BB943600059C79B /* Stories */ = {
			isa = PBXGroup;
			children = (
				91FE509C1BBC0F7A007FEC23 /* Libs */,
				91FE509D1BBC0F85007FEC23 /* Assets */,
				91F68BB71BBAB96E00C2669B /* Categories */,
				91E4CC421BB96BE40059C79B /* Controllers */,
				91E4CC411BB96BDB0059C79B /* Data */,
				91E4CBF91BB943600059C79B /* AppDelegate.h */,
				91E4CBFA1BB943600059C79B /* AppDelegate.m */,
				91E4CBFF1BB943600059C79B /* Main.storyboard */,
				91E4CBF61BB943600059C79B /* Supporting Files */,
			);
			path = Stories;
			sourceTree = "<group>";
		};
		91E4CBF61BB943600059C79B /* Supporting Files */ = {
			isa = PBXGroup;
			children = (
				91E4CC0A1BB943600059C79B /* Info.plist */,
				91E4CBF71BB943600059C79B /* main.m */,
			);
			name = "Supporting Files";
			sourceTree = "<group>";
		};
		91E4CC121BB943600059C79B /* StoriesTests */ = {
			isa = PBXGroup;
			children = (
				91E4CC131BB943600059C79B /* StoriesTests.m */,
				91E4CC151BB943600059C79B /* Info.plist */,
			);
			path = StoriesTests;
			sourceTree = "<group>";
		};
		91E4CC1D1BB943600059C79B /* StoriesUITests */ = {
			isa = PBXGroup;
			children = (
				91E4CC1E1BB943600059C79B /* StoriesUITests.m */,
				91E4CC201BB943600059C79B /* Info.plist */,
			);
			path = StoriesUITests;
			sourceTree = "<group>";
		};
		91E4CC2E1BB94D820059C79B /* Fonts */ = {
			isa = PBXGroup;
			children = (
				91E4CC2F1BB94DD40059C79B /* SF-UI-Display-Bold.otf */,
				91E4CC301BB94DD40059C79B /* SF-UI-Display-Heavy.otf */,
				91E4CC311BB94DD40059C79B /* SF-UI-Display-Semibold.otf */,
				91E4CC2C1BB949E20059C79B /* PMN_Caecilia_45_Light.ttf */,
			);
			name = Fonts;
			sourceTree = "<group>";
		};
		91E4CC3B1BB961EF0059C79B /* ARSafariActivity */ = {
			isa = PBXGroup;
			children = (
				91E4CC3C1BB962030059C79B /* ARSafariActivity.bundle */,
				91E4CC3D1BB962030059C79B /* ARSafariActivity.h */,
				91E4CC3E1BB962030059C79B /* ARSafariActivity.m */,
			);
			name = ARSafariActivity;
			sourceTree = "<group>";
		};
		91E4CC411BB96BDB0059C79B /* Data */ = {
			isa = PBXGroup;
			children = (
				91EA53A61BC52C5B001607BA /* DetailPost+CoreDataProperties.h */,
				91EA53A71BC52C5B001607BA /* DetailPost+CoreDataProperties.m */,
				91EA53A81BC52C5B001607BA /* DetailPost.h */,
				91EA53A91BC52C5B001607BA /* DetailPost.m */,
				91ECA2391BBA595E0033E44D /* DataManager.h */,
				91ECA23A1BBA595E0033E44D /* DataManager.m */,
				91EA539A1BC3B95A001607BA /* APIClient.h */,
				91EA539B1BC3B95A001607BA /* APIClient.m */,
				91ECA2261BB9C6B80033E44D /* Image+CoreDataProperties.h */,
				91ECA2271BB9C6B80033E44D /* Image+CoreDataProperties.m */,
				91ECA2281BB9C6B80033E44D /* Image.h */,
				91ECA2291BB9C6B80033E44D /* Image.m */,
				91ECA22A1BB9C6B80033E44D /* Post+CoreDataProperties.h */,
				91ECA22B1BB9C6B80033E44D /* Post+CoreDataProperties.m */,
				91ECA22C1BB9C6B80033E44D /* Post.h */,
				91ECA22D1BB9C6B80033E44D /* Post.m */,
				91ECA22E1BB9C6B80033E44D /* Blog+CoreDataProperties.h */,
				91ECA22F1BB9C6B80033E44D /* Blog+CoreDataProperties.m */,
				91ECA2301BB9C6B80033E44D /* Blog.h */,
				91ECA2311BB9C6B80033E44D /* Blog.m */,
				9143500F1BBC752000B6B5E7 /* Stories.xcdatamodeld */,
			);
			name = Data;
			sourceTree = "<group>";
		};
		91E4CC421BB96BE40059C79B /* Controllers */ = {
			isa = PBXGroup;
			children = (
				91E4CBFC1BB943600059C79B /* ArticleViewController.h */,
				91E4CBFD1BB943600059C79B /* ArticleViewController.m */,
				91EA539D1BC3D50D001607BA /* ArticleViewController.xib */,
				91E4CC381BB95C6E0059C79B /* ChoseBlogViewController.h */,
				91E4CC391BB95C6E0059C79B /* ChoseBlogViewController.m */,
				91E4CC461BB975F50059C79B /* HeadlineViewController.h */,
				91E4CC471BB975F50059C79B /* HeadlineViewController.m */,
				91E4CC481BB975F50059C79B /* HeadlineViewController.xib */,
				91EA53881BC3B2CD001607BA /* MainViewController.h */,
				91EA53891BC3B2CD001607BA /* MainViewController.m */,
				91EA53901BC3B432001607BA /* TopPostsForBlogViewController.h */,
				91EA53911BC3B432001607BA /* TopPostsForBlogViewController.m */,
				91EA53921BC3B432001607BA /* TopPostsForBlogViewController.xib */,
				91EA53951BC3B441001607BA /* BlogFamilyViewController.h */,
				91EA53961BC3B441001607BA /* BlogFamilyViewController.m */,
				91EA53971BC3B441001607BA /* BlogFamilyViewController.xib */,
			);
			name = Controllers;
			sourceTree = "<group>";
		};
		91EA536E1BC281D6001607BA /* GoogleAnalytics */ = {
			isa = PBXGroup;
			children = (
				91EA536F1BC281F6001607BA /* GAI.h */,
				91EA53701BC281F6001607BA /* GAIDictionaryBuilder.h */,
				91EA53711BC281F6001607BA /* GAIEcommerceFields.h */,
				91EA53721BC281F6001607BA /* GAIEcommerceProduct.h */,
				91EA53731BC281F6001607BA /* GAIEcommerceProductAction.h */,
				91EA53741BC281F6001607BA /* GAIEcommercePromotion.h */,
				91EA53751BC281F6001607BA /* GAIFields.h */,
				91EA53761BC281F6001607BA /* GAILogger.h */,
				91EA53771BC281F6001607BA /* GAITrackedViewController.h */,
				91EA53781BC281F6001607BA /* GAITracker.h */,
				91EA53791BC28209001607BA /* libGoogleAnalyticsServices.a */,
			);
			name = GoogleAnalytics;
			sourceTree = "<group>";
		};
		91EA53A21BC51FFD001607BA /* Reachability */ = {
			isa = PBXGroup;
			children = (
				91EA53A31BC52010001607BA /* Reachability.h */,
				91EA53A41BC52010001607BA /* Reachability.m */,
			);
			name = Reachability;
			sourceTree = "<group>";
		};
		91F68BB71BBAB96E00C2669B /* Categories */ = {
			isa = PBXGroup;
			children = (
				91ECA2231BB97ED40033E44D /* UIViewController+Utilities.h */,
				91ECA2241BB97ED40033E44D /* UIViewController+Utilities.m */,
				91F68BBE1BBABA6F00C2669B /* NSString+Utilities.h */,
				91F68BBF1BBABA6F00C2669B /* NSString+Utilities.m */,
				91F68BC11BBABC6A00C2669B /* NSDictionary+Utilities.h */,
				91F68BC21BBABC6A00C2669B /* NSDictionary+Utilities.m */,
				91EA539F1BC44AA9001607BA /* NSDate+Utilities.h */,
				91EA53A01BC44AA9001607BA /* NSDate+Utilities.m */,
			);
			name = Categories;
			sourceTree = "<group>";
		};
		91FE509C1BBC0F7A007FEC23 /* Libs */ = {
			isa = PBXGroup;
			children = (
				91EA53A21BC51FFD001607BA /* Reachability */,
				91EA53811BC28304001607BA /* libsqlite3.tbd */,
				91EA537F1BC282FD001607BA /* libz.tbd */,
				91EA536E1BC281D6001607BA /* GoogleAnalytics */,
				91E4CC3B1BB961EF0059C79B /* ARSafariActivity */,
				91EA536C1BC28027001607BA /* SystemConfiguration.framework */,
				91EA536A1BC2801F001607BA /* CoreData.framework */,
				91F68BC51BBAE04B00C2669B /* Fabric.framework */,
				91F68BC61BBAE04B00C2669B /* Crashlytics.framework */,
			);
			name = Libs;
			sourceTree = "<group>";
		};
		91FE509D1BBC0F85007FEC23 /* Assets */ = {
			isa = PBXGroup;
			children = (
				91E4CC2E1BB94D820059C79B /* Fonts */,
				91E4CC051BB943600059C79B /* Assets.xcassets */,
			);
			name = Assets;
			sourceTree = "<group>";
		};
/* End PBXGroup section */

/* Begin PBXNativeTarget section */
		91E4CBF21BB943600059C79B /* Stories */ = {
			isa = PBXNativeTarget;
			buildConfigurationList = 91E4CC231BB943600059C79B /* Build configuration list for PBXNativeTarget "Stories" */;
			buildPhases = (
				91E4CBEF1BB943600059C79B /* Sources */,
				91E4CBF01BB943600059C79B /* Frameworks */,
				91E4CBF11BB943600059C79B /* Resources */,
				91FE50861BBBFDF8007FEC23 /* ShellScript */,
			);
			buildRules = (
			);
			dependencies = (
			);
			name = Stories;
			productName = Stories;
			productReference = 91E4CBF31BB943600059C79B /* Stories.app */;
			productType = "com.apple.product-type.application";
		};
		91E4CC0E1BB943600059C79B /* StoriesTests */ = {
			isa = PBXNativeTarget;
			buildConfigurationList = 91E4CC261BB943600059C79B /* Build configuration list for PBXNativeTarget "StoriesTests" */;
			buildPhases = (
				91E4CC0B1BB943600059C79B /* Sources */,
				91E4CC0C1BB943600059C79B /* Frameworks */,
				91E4CC0D1BB943600059C79B /* Resources */,
			);
			buildRules = (
			);
			dependencies = (
				91E4CC111BB943600059C79B /* PBXTargetDependency */,
			);
			name = StoriesTests;
			productName = StoriesTests;
			productReference = 91E4CC0F1BB943600059C79B /* Stories.xctest */;
			productType = "com.apple.product-type.bundle.unit-test";
		};
		91E4CC191BB943600059C79B /* StoriesUITests */ = {
			isa = PBXNativeTarget;
			buildConfigurationList = 91E4CC291BB943600059C79B /* Build configuration list for PBXNativeTarget "StoriesUITests" */;
			buildPhases = (
				91E4CC161BB943600059C79B /* Sources */,
				91E4CC171BB943600059C79B /* Frameworks */,
				91E4CC181BB943600059C79B /* Resources */,
			);
			buildRules = (
			);
			dependencies = (
				91E4CC1C1BB943600059C79B /* PBXTargetDependency */,
			);
			name = StoriesUITests;
			productName = StoriesUITests;
			productReference = 91E4CC1A1BB943600059C79B /* Stories.xctest */;
			productType = "com.apple.product-type.bundle.ui-testing";
		};
/* End PBXNativeTarget section */

/* Begin PBXProject section */
		91E4CBEB1BB943600059C79B /* Project object */ = {
			isa = PBXProject;
			attributes = {
				LastUpgradeCheck = 0700;
				ORGANIZATIONNAME = athomas;
				TargetAttributes = {
					91E4CBF21BB943600059C79B = {
						CreatedOnToolsVersion = 7.0;
						DevelopmentTeam = F93QSNY8PR;
					};
					91E4CC0E1BB943600059C79B = {
						CreatedOnToolsVersion = 7.0;
						TestTargetID = 91E4CBF21BB943600059C79B;
					};
					91E4CC191BB943600059C79B = {
						CreatedOnToolsVersion = 7.0;
						TestTargetID = 91E4CBF21BB943600059C79B;
					};
				};
			};
			buildConfigurationList = 91E4CBEE1BB943600059C79B /* Build configuration list for PBXProject "Stories" */;
			compatibilityVersion = "Xcode 3.2";
			developmentRegion = English;
			hasScannedForEncodings = 0;
			knownRegions = (
				en,
				Base,
			);
			mainGroup = 91E4CBEA1BB943600059C79B;
			productRefGroup = 91E4CBF41BB943600059C79B /* Products */;
			projectDirPath = "";
			projectRoot = "";
			targets = (
				91E4CBF21BB943600059C79B /* Stories */,
				91E4CC0E1BB943600059C79B /* StoriesTests */,
				91E4CC191BB943600059C79B /* StoriesUITests */,
			);
		};
/* End PBXProject section */

/* Begin PBXResourcesBuildPhase section */
		91E4CBF11BB943600059C79B /* Resources */ = {
			isa = PBXResourcesBuildPhase;
			buildActionMask = 2147483647;
			files = (
				91E4CC341BB94DD40059C79B /* SF-UI-Display-Semibold.otf in Resources */,
				91E4CC331BB94DD40059C79B /* SF-UI-Display-Heavy.otf in Resources */,
				91E4CC321BB94DD40059C79B /* SF-UI-Display-Bold.otf in Resources */,
				91E4CC2D1BB949E20059C79B /* PMN_Caecilia_45_Light.ttf in Resources */,
				91EA53991BC3B441001607BA /* BlogFamilyViewController.xib in Resources */,
				91EA539E1BC3D50D001607BA /* ArticleViewController.xib in Resources */,
				91EA53941BC3B432001607BA /* TopPostsForBlogViewController.xib in Resources */,
				91E4CC3F1BB962030059C79B /* ARSafariActivity.bundle in Resources */,
				91E4CC061BB943600059C79B /* Assets.xcassets in Resources */,
				91E4CC4A1BB975F50059C79B /* HeadlineViewController.xib in Resources */,
				91E4CC011BB943600059C79B /* Main.storyboard in Resources */,
			);
			runOnlyForDeploymentPostprocessing = 0;
		};
		91E4CC0D1BB943600059C79B /* Resources */ = {
			isa = PBXResourcesBuildPhase;
			buildActionMask = 2147483647;
			files = (
			);
			runOnlyForDeploymentPostprocessing = 0;
		};
		91E4CC181BB943600059C79B /* Resources */ = {
			isa = PBXResourcesBuildPhase;
			buildActionMask = 2147483647;
			files = (
			);
			runOnlyForDeploymentPostprocessing = 0;
		};
/* End PBXResourcesBuildPhase section */

/* Begin PBXShellScriptBuildPhase section */
		91FE50861BBBFDF8007FEC23 /* ShellScript */ = {
			isa = PBXShellScriptBuildPhase;
			buildActionMask = 2147483647;
			files = (
			);
			inputPaths = (
			);
			outputPaths = (
			);
			runOnlyForDeploymentPostprocessing = 0;
			shellPath = /bin/sh;
			shellScript = "./Fabric.framework/run 9b38b6e56d84829837bdff51c371d600d898a524 1f6c421afbb74c7840116c243c406baf09e1428131172e0b4b4e5734ac492dd5\n";
		};
/* End PBXShellScriptBuildPhase section */

/* Begin PBXSourcesBuildPhase section */
		91E4CBEF1BB943600059C79B /* Sources */ = {
			isa = PBXSourcesBuildPhase;
			buildActionMask = 2147483647;
			files = (
				91ECA2351BB9C6B80033E44D /* Post.m in Sources */,
				91ECA2331BB9C6B80033E44D /* Image.m in Sources */,
				91EA53AB1BC52C5B001607BA /* DetailPost.m in Sources */,
				91ECA2251BB97ED40033E44D /* UIViewController+Utilities.m in Sources */,
				91E4CC3A1BB95C6E0059C79B /* ChoseBlogViewController.m in Sources */,
				91EA539C1BC3B95A001607BA /* APIClient.m in Sources */,
				91ECA2371BB9C6B80033E44D /* Blog.m in Sources */,
				91EA53AA1BC52C5B001607BA /* DetailPost+CoreDataProperties.m in Sources */,
				91EA538A1BC3B2CD001607BA /* MainViewController.m in Sources */,
				91E4CBFE1BB943600059C79B /* ArticleViewController.m in Sources */,
				91EA53981BC3B441001607BA /* BlogFamilyViewController.m in Sources */,
				91EA53931BC3B432001607BA /* TopPostsForBlogViewController.m in Sources */,
				91ECA2341BB9C6B80033E44D /* Post+CoreDataProperties.m in Sources */,
				91EA53A11BC44AA9001607BA /* NSDate+Utilities.m in Sources */,
				91ECA2361BB9C6B80033E44D /* Blog+CoreDataProperties.m in Sources */,
				914350111BBC752000B6B5E7 /* Stories.xcdatamodeld in Sources */,
				91F68BC31BBABC6A00C2669B /* NSDictionary+Utilities.m in Sources */,
				91E4CBFB1BB943600059C79B /* AppDelegate.m in Sources */,
				91ECA2321BB9C6B80033E44D /* Image+CoreDataProperties.m in Sources */,
				91EA53A51BC52010001607BA /* Reachability.m in Sources */,
				91E4CC491BB975F50059C79B /* HeadlineViewController.m in Sources */,
				91F68BC01BBABA6F00C2669B /* NSString+Utilities.m in Sources */,
				91E4CBF81BB943600059C79B /* main.m in Sources */,
				91ECA23B1BBA595E0033E44D /* DataManager.m in Sources */,
				91E4CC401BB962030059C79B /* ARSafariActivity.m in Sources */,
			);
			runOnlyForDeploymentPostprocessing = 0;
		};
		91E4CC0B1BB943600059C79B /* Sources */ = {
			isa = PBXSourcesBuildPhase;
			buildActionMask = 2147483647;
			files = (
				91E4CC141BB943600059C79B /* StoriesTests.m in Sources */,
			);
			runOnlyForDeploymentPostprocessing = 0;
		};
		91E4CC161BB943600059C79B /* Sources */ = {
			isa = PBXSourcesBuildPhase;
			buildActionMask = 2147483647;
			files = (
				91E4CC1F1BB943600059C79B /* StoriesUITests.m in Sources */,
			);
			runOnlyForDeploymentPostprocessing = 0;
		};
/* End PBXSourcesBuildPhase section */

/* Begin PBXTargetDependency section */
		91E4CC111BB943600059C79B /* PBXTargetDependency */ = {
			isa = PBXTargetDependency;
			target = 91E4CBF21BB943600059C79B /* Stories */;
			targetProxy = 91E4CC101BB943600059C79B /* PBXContainerItemProxy */;
		};
		91E4CC1C1BB943600059C79B /* PBXTargetDependency */ = {
			isa = PBXTargetDependency;
			target = 91E4CBF21BB943600059C79B /* Stories */;
			targetProxy = 91E4CC1B1BB943600059C79B /* PBXContainerItemProxy */;
		};
/* End PBXTargetDependency section */

/* Begin PBXVariantGroup section */
		91E4CBFF1BB943600059C79B /* Main.storyboard */ = {
			isa = PBXVariantGroup;
			children = (
				91E4CC001BB943600059C79B /* Base */,
			);
			name = Main.storyboard;
			sourceTree = "<group>";
		};
/* End PBXVariantGroup section */

/* Begin XCBuildConfiguration section */
		91E4CC211BB943600059C79B /* Debug */ = {
			isa = XCBuildConfiguration;
			buildSettings = {
				ALWAYS_SEARCH_USER_PATHS = NO;
				CLANG_CXX_LANGUAGE_STANDARD = "gnu++0x";
				CLANG_CXX_LIBRARY = "libc++";
				CLANG_ENABLE_MODULES = YES;
				CLANG_ENABLE_OBJC_ARC = YES;
				CLANG_WARN_BOOL_CONVERSION = YES;
				CLANG_WARN_CONSTANT_CONVERSION = YES;
				CLANG_WARN_DIRECT_OBJC_ISA_USAGE = YES_ERROR;
				CLANG_WARN_EMPTY_BODY = YES;
				CLANG_WARN_ENUM_CONVERSION = YES;
				CLANG_WARN_INT_CONVERSION = YES;
				CLANG_WARN_OBJC_ROOT_CLASS = YES_ERROR;
				CLANG_WARN_UNREACHABLE_CODE = YES;
				CLANG_WARN__DUPLICATE_METHOD_MATCH = YES;
				"CODE_SIGN_IDENTITY[sdk=iphoneos*]" = "iPhone Developer";
				COPY_PHASE_STRIP = NO;
				DEBUG_INFORMATION_FORMAT = dwarf;
				ENABLE_STRICT_OBJC_MSGSEND = YES;
				ENABLE_TESTABILITY = YES;
				GCC_C_LANGUAGE_STANDARD = gnu99;
				GCC_DYNAMIC_NO_PIC = NO;
				GCC_NO_COMMON_BLOCKS = YES;
				GCC_OPTIMIZATION_LEVEL = 0;
				GCC_PREPROCESSOR_DEFINITIONS = (
					"DEBUG=1",
					"$(inherited)",
				);
				GCC_WARN_64_TO_32_BIT_CONVERSION = YES;
				GCC_WARN_ABOUT_RETURN_TYPE = YES_ERROR;
				GCC_WARN_UNDECLARED_SELECTOR = YES;
				GCC_WARN_UNINITIALIZED_AUTOS = YES_AGGRESSIVE;
				GCC_WARN_UNUSED_FUNCTION = YES;
				GCC_WARN_UNUSED_VARIABLE = YES;
				IPHONEOS_DEPLOYMENT_TARGET = 9.0;
				MTL_ENABLE_DEBUG_INFO = YES;
				ONLY_ACTIVE_ARCH = YES;
				SDKROOT = iphoneos;
				TARGETED_DEVICE_FAMILY = "1,2";
			};
			name = Debug;
		};
		91E4CC221BB943600059C79B /* Release */ = {
			isa = XCBuildConfiguration;
			buildSettings = {
				ALWAYS_SEARCH_USER_PATHS = NO;
				CLANG_CXX_LANGUAGE_STANDARD = "gnu++0x";
				CLANG_CXX_LIBRARY = "libc++";
				CLANG_ENABLE_MODULES = YES;
				CLANG_ENABLE_OBJC_ARC = YES;
				CLANG_WARN_BOOL_CONVERSION = YES;
				CLANG_WARN_CONSTANT_CONVERSION = YES;
				CLANG_WARN_DIRECT_OBJC_ISA_USAGE = YES_ERROR;
				CLANG_WARN_EMPTY_BODY = YES;
				CLANG_WARN_ENUM_CONVERSION = YES;
				CLANG_WARN_INT_CONVERSION = YES;
				CLANG_WARN_OBJC_ROOT_CLASS = YES_ERROR;
				CLANG_WARN_UNREACHABLE_CODE = YES;
				CLANG_WARN__DUPLICATE_METHOD_MATCH = YES;
				"CODE_SIGN_IDENTITY[sdk=iphoneos*]" = "iPhone Developer";
				COPY_PHASE_STRIP = NO;
				DEBUG_INFORMATION_FORMAT = "dwarf-with-dsym";
				ENABLE_NS_ASSERTIONS = NO;
				ENABLE_STRICT_OBJC_MSGSEND = YES;
				GCC_C_LANGUAGE_STANDARD = gnu99;
				GCC_NO_COMMON_BLOCKS = YES;
				GCC_WARN_64_TO_32_BIT_CONVERSION = YES;
				GCC_WARN_ABOUT_RETURN_TYPE = YES_ERROR;
				GCC_WARN_UNDECLARED_SELECTOR = YES;
				GCC_WARN_UNINITIALIZED_AUTOS = YES_AGGRESSIVE;
				GCC_WARN_UNUSED_FUNCTION = YES;
				GCC_WARN_UNUSED_VARIABLE = YES;
				IPHONEOS_DEPLOYMENT_TARGET = 9.0;
				MTL_ENABLE_DEBUG_INFO = NO;
				SDKROOT = iphoneos;
				TARGETED_DEVICE_FAMILY = "1,2";
				VALIDATE_PRODUCT = YES;
			};
			name = Release;
		};
		91E4CC241BB943600059C79B /* Debug */ = {
			isa = XCBuildConfiguration;
			buildSettings = {
				ASSETCATALOG_COMPILER_APPICON_NAME = AppIcon;
				ASSETCATALOG_COMPILER_LAUNCHIMAGE_NAME = BrandAsset;
				CODE_SIGN_IDENTITY = "iPhone Developer";
				ENABLE_BITCODE = NO;
				FRAMEWORK_SEARCH_PATHS = (
					"$(inherited)",
					"$(PROJECT_DIR)/Stories",
				);
				INFOPLIST_FILE = Stories/Info.plist;
				IPHONEOS_DEPLOYMENT_TARGET = 8.0;
				LD_RUNPATH_SEARCH_PATHS = "$(inherited) @executable_path/Frameworks";
				LIBRARY_SEARCH_PATHS = (
					"$(inherited)",
					"$(PROJECT_DIR)/Stories",
				);
				PRODUCT_BUNDLE_IDENTIFIER = me.athomas.Stories;
				PRODUCT_NAME = Stories;
			};
			name = Debug;
		};
		91E4CC251BB943600059C79B /* Release */ = {
			isa = XCBuildConfiguration;
			buildSettings = {
				ASSETCATALOG_COMPILER_APPICON_NAME = AppIcon;
				ASSETCATALOG_COMPILER_LAUNCHIMAGE_NAME = BrandAsset;
				CODE_SIGN_IDENTITY = "iPhone Developer";
				ENABLE_BITCODE = NO;
				FRAMEWORK_SEARCH_PATHS = (
					"$(inherited)",
					"$(PROJECT_DIR)/Stories",
				);
				INFOPLIST_FILE = Stories/Info.plist;
				IPHONEOS_DEPLOYMENT_TARGET = 8.0;
				LD_RUNPATH_SEARCH_PATHS = "$(inherited) @executable_path/Frameworks";
				LIBRARY_SEARCH_PATHS = (
					"$(inherited)",
					"$(PROJECT_DIR)/Stories",
				);
				PRODUCT_BUNDLE_IDENTIFIER = me.athomas.Stories;
				PRODUCT_NAME = Stories;
			};
			name = Release;
		};
		91E4CC271BB943600059C79B /* Debug */ = {
			isa = XCBuildConfiguration;
			buildSettings = {
				BUNDLE_LOADER = "$(TEST_HOST)";
				INFOPLIST_FILE = StoriesTests/Info.plist;
				LD_RUNPATH_SEARCH_PATHS = "$(inherited) @executable_path/Frameworks @loader_path/Frameworks";
				PRODUCT_BUNDLE_IDENTIFIER = me.athomas.StoriesTests;
				PRODUCT_NAME = Stories;
				TEST_HOST = "$(BUILT_PRODUCTS_DIR)/Stories.app/Stories";
			};
			name = Debug;
		};
		91E4CC281BB943600059C79B /* Release */ = {
			isa = XCBuildConfiguration;
			buildSettings = {
				BUNDLE_LOADER = "$(TEST_HOST)";
				INFOPLIST_FILE = StoriesTests/Info.plist;
				LD_RUNPATH_SEARCH_PATHS = "$(inherited) @executable_path/Frameworks @loader_path/Frameworks";
				PRODUCT_BUNDLE_IDENTIFIER = me.athomas.StoriesTests;
				PRODUCT_NAME = Stories;
				TEST_HOST = "$(BUILT_PRODUCTS_DIR)/Stories.app/Stories";
			};
			name = Release;
		};
		91E4CC2A1BB943600059C79B /* Debug */ = {
			isa = XCBuildConfiguration;
			buildSettings = {
				INFOPLIST_FILE = StoriesUITests/Info.plist;
				LD_RUNPATH_SEARCH_PATHS = "$(inherited) @executable_path/Frameworks @loader_path/Frameworks";
				PRODUCT_BUNDLE_IDENTIFIER = me.athomas.StoriesUITests;
				PRODUCT_NAME = Stories;
				TEST_TARGET_NAME = Stories;
				USES_XCTRUNNER = YES;
			};
			name = Debug;
		};
		91E4CC2B1BB943600059C79B /* Release */ = {
			isa = XCBuildConfiguration;
			buildSettings = {
				INFOPLIST_FILE = StoriesUITests/Info.plist;
				LD_RUNPATH_SEARCH_PATHS = "$(inherited) @executable_path/Frameworks @loader_path/Frameworks";
				PRODUCT_BUNDLE_IDENTIFIER = me.athomas.StoriesUITests;
				PRODUCT_NAME = Stories;
				TEST_TARGET_NAME = Stories;
				USES_XCTRUNNER = YES;
			};
			name = Release;
		};
/* End XCBuildConfiguration section */

/* Begin XCConfigurationList section */
		91E4CBEE1BB943600059C79B /* Build configuration list for PBXProject "Stories" */ = {
			isa = XCConfigurationList;
			buildConfigurations = (
				91E4CC211BB943600059C79B /* Debug */,
				91E4CC221BB943600059C79B /* Release */,
			);
			defaultConfigurationIsVisible = 0;
			defaultConfigurationName = Release;
		};
		91E4CC231BB943600059C79B /* Build configuration list for PBXNativeTarget "Stories" */ = {
			isa = XCConfigurationList;
			buildConfigurations = (
				91E4CC241BB943600059C79B /* Debug */,
				91E4CC251BB943600059C79B /* Release */,
			);
			defaultConfigurationIsVisible = 0;
			defaultConfigurationName = Release;
		};
		91E4CC261BB943600059C79B /* Build configuration list for PBXNativeTarget "StoriesTests" */ = {
			isa = XCConfigurationList;
			buildConfigurations = (
				91E4CC271BB943600059C79B /* Debug */,
				91E4CC281BB943600059C79B /* Release */,
			);
			defaultConfigurationIsVisible = 0;
			defaultConfigurationName = Release;
		};
		91E4CC291BB943600059C79B /* Build configuration list for PBXNativeTarget "StoriesUITests" */ = {
			isa = XCConfigurationList;
			buildConfigurations = (
				91E4CC2A1BB943600059C79B /* Debug */,
				91E4CC2B1BB943600059C79B /* Release */,
			);
			defaultConfigurationIsVisible = 0;
			defaultConfigurationName = Release;
		};
/* End XCConfigurationList section */

/* Begin XCVersionGroup section */
		9143500F1BBC752000B6B5E7 /* Stories.xcdatamodeld */ = {
			isa = XCVersionGroup;
			children = (
				914350101BBC752000B6B5E7 /* Kinja_Top_Posts.xcdatamodel */,
			);
			currentVersion = 914350101BBC752000B6B5E7 /* Kinja_Top_Posts.xcdatamodel */;
			path = Stories.xcdatamodeld;
			sourceTree = "<group>";
			versionGroupType = wrapper.xcdatamodel;
		};
/* End XCVersionGroup section */
	};
	rootObject = 91E4CBEB1BB943600059C79B /* Project object */;
}
